{
    "_readme": [
        "This file locks the dependencies of your project to a known state",
        "Read more about it at https://getcomposer.org/doc/01-basic-usage.md#composer-lock-the-lock-file",
        "This file is @generated automatically"
    ],
    "hash": "d99bcfb49a0c85192a017ba1d4e2ff2d",
    "content-hash": "e033a100f11ad33d410ddbce0cb2741a",
    "packages": [
        {
            "name": "retailcrm/api-client-php",
            "version": "v5.3.0",
            "source": {
                "type": "git",
                "url": "https://github.com/retailcrm/api-client-php.git",
                "reference": "6714723dc2c28c00995533948154b8d523b0b03a"
            },
            "dist": {
                "type": "zip",
                "url": "https://api.github.com/repos/retailcrm/api-client-php/zipball/6714723dc2c28c00995533948154b8d523b0b03a",
                "reference": "6714723dc2c28c00995533948154b8d523b0b03a",
                "shasum": ""
            },
            "require": {
                "ext-curl": "*",
                "ext-json": "*",
                "php": ">=5.4.0"
            },
            "require-dev": {
                "apigen/apigen": "4.*",
                "phpunit/phpunit": "4.*",
                "squizlabs/php_codesniffer": "3.*"
            },
            "type": "library",
            "extra": {
                "branch-alias": {
                    "dev-master": "5.x-dev"
                }
            },
            "autoload": {
                "psr-0": {
                    "RetailCrm\\": "lib/"
                }
            },
            "notification-url": "https://packagist.org/downloads/",
            "license": [
                "MIT"
            ],
            "authors": [
                {
                    "name": "retailCRM",
                    "email": "support@retailcrm.ru"
                }
            ],
            "description": "PHP client for retailCRM API",
            "homepage": "http://www.retailcrm.ru/",
            "keywords": [
                "api",
                "rest",
                "retailCRM"
            ],
            "time": "2019-07-11 11:36:21"
        }
    ],
    "packages-dev": [],
    "aliases": [],
    "minimum-stability": "stable",
    "stability-flags": [],
    "prefer-stable": false,
    "prefer-lowest": false,
    "platform": [],
    "platform-dev": []
}
